github.com/go-chi/chi/v5 v5.2.1 h1:KOIHODQj58PmL80G2Eak4WdvUzjSJSm0vG72crDCqb8=
github.com/go-chi/chi/v5 v5.2.1/go.mod h1:L2yAIGWB3H+phAw1NxKwWM+7eUH/lU8pOMm5hHcoops=
github.com/streadway/amqp v1.1.0 h1:py12iX8XSyI7aN/3dUT8DFIDJazNJsVJdxNVEpnQTZM=
github.com/streadway/amqp v1.1.0/go.mod h1:WYSrTEYHOXHd0nwFeUXAe2G2hRnQT+deZJJf88uS9Bg=
